// !$*UTF8*$!
{
	archiveVersion = 1;
	classes = {
	};
	objectVersion = 55;
	objects = {

/* Begin PBXBuildFile section */
		8E0CEC1728A33FC000EFE295 /* TaskFormRepeatSettingsCell.swift in Sources */ = {isa = PBXBuildFile; fileRef = 8E0CEC1628A33FC000EFE295 /* TaskFormRepeatSettingsCell.swift */; };
		8E0CEC1928A342AA00EFE295 /* TaskFormRepeatSettingsCellTests.swift in Sources */ = {isa = PBXBuildFile; fileRef = 8E0CEC1828A342AA00EFE295 /* TaskFormRepeatSettingsCellTests.swift */; };
		8E0CEC1B28A357CD00EFE295 /* MockTaskFormRepeatSettingsCellDelegate.swift in Sources */ = {isa = PBXBuildFile; fileRef = 8E0CEC1A28A357CD00EFE295 /* MockTaskFormRepeatSettingsCellDelegate.swift */; };
		8E0CEC1E28A39DC100EFE295 /* RepeatingDayCell.swift in Sources */ = {isa = PBXBuildFile; fileRef = 8E0CEC1D28A39DC100EFE295 /* RepeatingDayCell.swift */; };
		8E0CEC2028A39E2300EFE295 /* TaskFormRepeatSettingsCellViewModel.swift in Sources */ = {isa = PBXBuildFile; fileRef = 8E0CEC1F28A39E2300EFE295 /* TaskFormRepeatSettingsCellViewModel.swift */; };
		8E0CEC2328A39FA600EFE295 /* RepeatingDayCellTests.swift in Sources */ = {isa = PBXBuildFile; fileRef = 8E0CEC2228A39FA600EFE295 /* RepeatingDayCellTests.swift */; };
		8E0CEC2528A3B07B00EFE295 /* TaskFormRepeatSettingsCellViewModelTests.swift in Sources */ = {isa = PBXBuildFile; fileRef = 8E0CEC2428A3B07B00EFE295 /* TaskFormRepeatSettingsCellViewModelTests.swift */; };
		8E0CEC2728A3C7DE00EFE295 /* TaskFormNotificationCell.swift in Sources */ = {isa = PBXBuildFile; fileRef = 8E0CEC2628A3C7DE00EFE295 /* TaskFormNotificationCell.swift */; };
		8E2AA0B5289A09A6009F2C53 /* AppDelegate.swift in Sources */ = {isa = PBXBuildFile; fileRef = 8E2AA0B4289A09A6009F2C53 /* AppDelegate.swift */; };
		8E2AA0B7289A09A6009F2C53 /* SceneDelegate.swift in Sources */ = {isa = PBXBuildFile; fileRef = 8E2AA0B6289A09A6009F2C53 /* SceneDelegate.swift */; };
		8E2AA0BF289A09A6009F2C53 /* TodoPad.xcdatamodeld in Sources */ = {isa = PBXBuildFile; fileRef = 8E2AA0BD289A09A6009F2C53 /* TodoPad.xcdatamodeld */; };
		8E2AA0C1289A09A7009F2C53 /* Assets.xcassets in Resources */ = {isa = PBXBuildFile; fileRef = 8E2AA0C0289A09A7009F2C53 /* Assets.xcassets */; };
		8E2AA0C4289A09A7009F2C53 /* LaunchScreen.storyboard in Resources */ = {isa = PBXBuildFile; fileRef = 8E2AA0C2289A09A7009F2C53 /* LaunchScreen.storyboard */; };
		8E2AA0D9289A09A8009F2C53 /* TodoPadUITests.swift in Sources */ = {isa = PBXBuildFile; fileRef = 8E2AA0D8289A09A8009F2C53 /* TodoPadUITests.swift */; };
		8E2B2BB2289C554D00DC1D4D /* TaskFormController.swift in Sources */ = {isa = PBXBuildFile; fileRef = 8E2B2BB1289C554D00DC1D4D /* TaskFormController.swift */; };
		8E2B2BB4289CB02F00DC1D4D /* SpyNavigationController.swift in Sources */ = {isa = PBXBuildFile; fileRef = 8E2B2BB3289CB02F00DC1D4D /* SpyNavigationController.swift */; };
		8E2B2BB7289CCA7700DC1D4D /* TaskFormControllerViewModel.swift in Sources */ = {isa = PBXBuildFile; fileRef = 8E2B2BB6289CCA7700DC1D4D /* TaskFormControllerViewModel.swift */; };
		8E2B2BBB289CCE5100DC1D4D /* TaskFormControllerTests.swift in Sources */ = {isa = PBXBuildFile; fileRef = 8E2B2BBA289CCE5100DC1D4D /* TaskFormControllerTests.swift */; };
		8E2B2BBD289CCE8E00DC1D4D /* TaskFormControllerViewModelTests.swift in Sources */ = {isa = PBXBuildFile; fileRef = 8E2B2BBC289CCE8E00DC1D4D /* TaskFormControllerViewModelTests.swift */; };
		8E2B2BBF289CCEC300DC1D4D /* TaskFormModel.swift in Sources */ = {isa = PBXBuildFile; fileRef = 8E2B2BBE289CCEC300DC1D4D /* TaskFormModel.swift */; };
		8E2B2BC7289D8E1F00DC1D4D /* TaskGroup.swift in Sources */ = {isa = PBXBuildFile; fileRef = 8E2B2BC6289D8E1F00DC1D4D /* TaskGroup.swift */; };
		8E2B2BC9289D8E2600DC1D4D /* Task.swift in Sources */ = {isa = PBXBuildFile; fileRef = 8E2B2BC8289D8E2600DC1D4D /* Task.swift */; };
		8E2B2BCB289D8E2E00DC1D4D /* TaskVariant.swift in Sources */ = {isa = PBXBuildFile; fileRef = 8E2B2BCA289D8E2E00DC1D4D /* TaskVariant.swift */; };
		8E2B2BCD289D8E4000DC1D4D /* PersistentTask.swift in Sources */ = {isa = PBXBuildFile; fileRef = 8E2B2BCC289D8E4000DC1D4D /* PersistentTask.swift */; };
		8E2B2BCF289D8E4B00DC1D4D /* RepeatingTask.swift in Sources */ = {isa = PBXBuildFile; fileRef = 8E2B2BCE289D8E4B00DC1D4D /* RepeatingTask.swift */; };
		8E2B2BD1289D8E5400DC1D4D /* NonRepeatingTask.swift in Sources */ = {isa = PBXBuildFile; fileRef = 8E2B2BD0289D8E5400DC1D4D /* NonRepeatingTask.swift */; };
		8E2B2BD4289DC2AA00DC1D4D /* TaskTests.swift in Sources */ = {isa = PBXBuildFile; fileRef = 8E2B2BD3289DC2AA00DC1D4D /* TaskTests.swift */; };
		8E2B2BD6289DC34600DC1D4D /* RepeatSettings.swift in Sources */ = {isa = PBXBuildFile; fileRef = 8E2B2BD5289DC34600DC1D4D /* RepeatSettings.swift */; };
		8E2B2BD8289DC36400DC1D4D /* RepeatSettingsTests.swift in Sources */ = {isa = PBXBuildFile; fileRef = 8E2B2BD7289DC36400DC1D4D /* RepeatSettingsTests.swift */; };
		8E2B2BDA289DD77400DC1D4D /* PersistentTaskTests.swift in Sources */ = {isa = PBXBuildFile; fileRef = 8E2B2BD9289DD77400DC1D4D /* PersistentTaskTests.swift */; };
		8E2B2BDC289E373100DC1D4D /* TaskFormModelTests.swift in Sources */ = {isa = PBXBuildFile; fileRef = 8E2B2BDB289E373100DC1D4D /* TaskFormModelTests.swift */; };
		8E4A9F5428A0A0440092B6AB /* TaskFormCellModel.swift in Sources */ = {isa = PBXBuildFile; fileRef = 8E4A9F5328A0A0440092B6AB /* TaskFormCellModel.swift */; };
		8E4A9F5728A0A2430092B6AB /* TaskFormCellModelTests.swift in Sources */ = {isa = PBXBuildFile; fileRef = 8E4A9F5628A0A2430092B6AB /* TaskFormCellModelTests.swift */; };
		8E4A9F5A28A12D4F0092B6AB /* Collection+Extensions.swift in Sources */ = {isa = PBXBuildFile; fileRef = 8E4A9F5928A12D4F0092B6AB /* Collection+Extensions.swift */; };
		8E4A9F5C28A1CDC60092B6AB /* Date+Extensions.swift in Sources */ = {isa = PBXBuildFile; fileRef = 8E4A9F5B28A1CDC60092B6AB /* Date+Extensions.swift */; };
		8E4A9F5F28A210AE0092B6AB /* TaskFormTextFieldCell.swift in Sources */ = {isa = PBXBuildFile; fileRef = 8E4A9F5E28A210AE0092B6AB /* TaskFormTextFieldCell.swift */; };
		8E4A9F6128A212450092B6AB /* TaskFormTextFieldCellTests.swift in Sources */ = {isa = PBXBuildFile; fileRef = 8E4A9F6028A212450092B6AB /* TaskFormTextFieldCellTests.swift */; };
		8E4A9F6428A21AA20092B6AB /* MockTaskFormTextFieldCellDelegate.swift in Sources */ = {isa = PBXBuildFile; fileRef = 8E4A9F6328A21AA20092B6AB /* MockTaskFormTextFieldCellDelegate.swift */; };
		8E4A9F6628A21E6C0092B6AB /* BaseTaskFormDropDownCell.swift in Sources */ = {isa = PBXBuildFile; fileRef = 8E4A9F6528A21E6C0092B6AB /* BaseTaskFormDropDownCell.swift */; };
		8E4A9F6828A21F190092B6AB /* BaseTaskFormDropDownCellTests.swift in Sources */ = {isa = PBXBuildFile; fileRef = 8E4A9F6728A21F190092B6AB /* BaseTaskFormDropDownCellTests.swift */; };
		8E4A9F6A28A221660092B6AB /* MockBaseTaskFormDropDownCellDelegate.swift in Sources */ = {isa = PBXBuildFile; fileRef = 8E4A9F6928A221660092B6AB /* MockBaseTaskFormDropDownCellDelegate.swift */; };
		8E4A9F7128A22A790092B6AB /* TaskFormDatePickerCell.swift in Sources */ = {isa = PBXBuildFile; fileRef = 8E4A9F7028A22A790092B6AB /* TaskFormDatePickerCell.swift */; };
		8E4A9F7328A2449B0092B6AB /* TaskFormDatePickerCellTests.swift in Sources */ = {isa = PBXBuildFile; fileRef = 8E4A9F7228A2449B0092B6AB /* TaskFormDatePickerCellTests.swift */; };
		8E4A9F7528A261470092B6AB /* MockTaskFormDatePickerCellDelegate.swift in Sources */ = {isa = PBXBuildFile; fileRef = 8E4A9F7428A261470092B6AB /* MockTaskFormDatePickerCellDelegate.swift */; };
		8E73F1A128A64E6E0085ED91 /* CoreDataStack.swift in Sources */ = {isa = PBXBuildFile; fileRef = 8E73F1A028A64E6E0085ED91 /* CoreDataStack.swift */; };
		8E73F1A428A655FD0085ED91 /* PersistentTaskManager.swift in Sources */ = {isa = PBXBuildFile; fileRef = 8E73F1A328A655FD0085ED91 /* PersistentTaskManager.swift */; };
		8E73F1A628A656A00085ED91 /* CoreDataTestStack.swift in Sources */ = {isa = PBXBuildFile; fileRef = 8E73F1A528A656A00085ED91 /* CoreDataTestStack.swift */; };
		8E73F1A828A657340085ED91 /* PersistentTaskManagerTests.swift in Sources */ = {isa = PBXBuildFile; fileRef = 8E73F1A728A657340085ED91 /* PersistentTaskManagerTests.swift */; };
		8E73F1B628A65B050085ED91 /* PersistentTaskCD+CoreDataClass.swift in Sources */ = {isa = PBXBuildFile; fileRef = 8E73F1B428A65B050085ED91 /* PersistentTaskCD+CoreDataClass.swift */; };
		8E73F1B728A65B050085ED91 /* PersistentTaskCD+CoreDataProperties.swift in Sources */ = {isa = PBXBuildFile; fileRef = 8E73F1B528A65B050085ED91 /* PersistentTaskCD+CoreDataProperties.swift */; };
		8E73F1B928A661E00085ED91 /* CoreDataTaskModelTests.swift in Sources */ = {isa = PBXBuildFile; fileRef = 8E73F1B828A661E00085ED91 /* CoreDataTaskModelTests.swift */; };
		8E7FAFB4289A12EB00E0CF58 /* TasksController.swift in Sources */ = {isa = PBXBuildFile; fileRef = 8E7FAFB3289A12EB00E0CF58 /* TasksController.swift */; };
		8E7FAFB7289A131500E0CF58 /* StatsController.swift in Sources */ = {isa = PBXBuildFile; fileRef = 8E7FAFB6289A131500E0CF58 /* StatsController.swift */; };
		8E7FAFBA289A16BB00E0CF58 /* TabBarControllerTests.swift in Sources */ = {isa = PBXBuildFile; fileRef = 8E7FAFB9289A16BB00E0CF58 /* TabBarControllerTests.swift */; };
		8E7FAFBC289A176700E0CF58 /* TabBarController.swift in Sources */ = {isa = PBXBuildFile; fileRef = 8E7FAFBB289A176700E0CF58 /* TabBarController.swift */; };
		8E7FAFBF289A184700E0CF58 /* UINavigationController+Extensions.swift in Sources */ = {isa = PBXBuildFile; fileRef = 8E7FAFBE289A184700E0CF58 /* UINavigationController+Extensions.swift */; };
		8E7FAFC1289A18A700E0CF58 /* UIColor+Extensions.swift in Sources */ = {isa = PBXBuildFile; fileRef = 8E7FAFC0289A18A700E0CF58 /* UIColor+Extensions.swift */; };
		8E7FAFC3289A1BF300E0CF58 /* Constants.swift in Sources */ = {isa = PBXBuildFile; fileRef = 8E7FAFC2289A1BF300E0CF58 /* Constants.swift */; };
		8E7FAFC5289A311300E0CF58 /* TasksControllerViewModel.swift in Sources */ = {isa = PBXBuildFile; fileRef = 8E7FAFC4289A311300E0CF58 /* TasksControllerViewModel.swift */; };
		8E7FAFC9289A330C00E0CF58 /* DateScrollerViewModelTests.swift in Sources */ = {isa = PBXBuildFile; fileRef = 8E7FAFC8289A330C00E0CF58 /* DateScrollerViewModelTests.swift */; };
		8E7FAFCB289A334700E0CF58 /* DateScroller.swift in Sources */ = {isa = PBXBuildFile; fileRef = 8E7FAFCA289A334700E0CF58 /* DateScroller.swift */; };
		8E7FAFCD289A34D700E0CF58 /* DateScrollerViewModel.swift in Sources */ = {isa = PBXBuildFile; fileRef = 8E7FAFCC289A34D700E0CF58 /* DateScrollerViewModel.swift */; };
		8E7FAFD0289A356900E0CF58 /* DateHelper.swift in Sources */ = {isa = PBXBuildFile; fileRef = 8E7FAFCF289A356900E0CF58 /* DateHelper.swift */; };
		8E7FAFD2289A39B000E0CF58 /* DateScrollerCell.swift in Sources */ = {isa = PBXBuildFile; fileRef = 8E7FAFD1289A39AF00E0CF58 /* DateScrollerCell.swift */; };
		8E7FAFD4289A3D2300E0CF58 /* DateScrollerCellTests.swift in Sources */ = {isa = PBXBuildFile; fileRef = 8E7FAFD3289A3D2300E0CF58 /* DateScrollerCellTests.swift */; };
		8E7FAFD6289A3D9700E0CF58 /* UIView+Extensions.swift in Sources */ = {isa = PBXBuildFile; fileRef = 8E7FAFD5289A3D9700E0CF58 /* UIView+Extensions.swift */; };
		8E7FAFDA289A3EB500E0CF58 /* DateScrollerTests.swift in Sources */ = {isa = PBXBuildFile; fileRef = 8E7FAFD9289A3EB500E0CF58 /* DateScrollerTests.swift */; };
		8E7FAFDC289A445C00E0CF58 /* UILabel+Extensions.swift in Sources */ = {isa = PBXBuildFile; fileRef = 8E7FAFDB289A445C00E0CF58 /* UILabel+Extensions.swift */; };
		8EB96058289B577100D63477 /* MockDateScrollerDelegate.swift in Sources */ = {isa = PBXBuildFile; fileRef = 8EB96057289B577100D63477 /* MockDateScrollerDelegate.swift */; };
		8EB9605A289B79DF00D63477 /* TasksControllerTests.swift in Sources */ = {isa = PBXBuildFile; fileRef = 8EB96059289B79DF00D63477 /* TasksControllerTests.swift */; };
		8EB9605D289B7AC500D63477 /* TasksTableViewHeader.swift in Sources */ = {isa = PBXBuildFile; fileRef = 8EB9605C289B7AC500D63477 /* TasksTableViewHeader.swift */; };
		8EB9605F289B7F4B00D63477 /* TasksControllerViewModelTests.swift in Sources */ = {isa = PBXBuildFile; fileRef = 8EB9605E289B7F4B00D63477 /* TasksControllerViewModelTests.swift */; };
		8EB96061289B981A00D63477 /* TasksTableViewHeaderTests.swift in Sources */ = {isa = PBXBuildFile; fileRef = 8EB96060289B981A00D63477 /* TasksTableViewHeaderTests.swift */; };
		8EB96064289B984D00D63477 /* MockTasksTableViewHeaderDelegate.swift in Sources */ = {isa = PBXBuildFile; fileRef = 8EB96063289B984D00D63477 /* MockTasksTableViewHeaderDelegate.swift */; };
		8EF8610128A4FC3500FC6674 /* TaskGroupCell.swift in Sources */ = {isa = PBXBuildFile; fileRef = 8EF8610028A4FC3500FC6674 /* TaskGroupCell.swift */; };
		8EF8610328A4FDD100FC6674 /* TaskGroupCellTests.swift in Sources */ = {isa = PBXBuildFile; fileRef = 8EF8610228A4FDD100FC6674 /* TaskGroupCellTests.swift */; };
/* End PBXBuildFile section */

/* Begin PBXContainerItemProxy section */
		8E2AA0CB289A09A8009F2C53 /* PBXContainerItemProxy */ = {
			isa = PBXContainerItemProxy;
			containerPortal = 8E2AA0A9289A09A6009F2C53 /* Project object */;
			proxyType = 1;
			remoteGlobalIDString = 8E2AA0B0289A09A6009F2C53;
			remoteInfo = TodoPad;
		};
		8E2AA0D5289A09A8009F2C53 /* PBXContainerItemProxy */ = {
			isa = PBXContainerItemProxy;
			containerPortal = 8E2AA0A9289A09A6009F2C53 /* Project object */;
			proxyType = 1;
			remoteGlobalIDString = 8E2AA0B0289A09A6009F2C53;
			remoteInfo = TodoPad;
		};
/* End PBXContainerItemProxy section */

/* Begin PBXFileReference section */
		8E0CEC1628A33FC000EFE295 /* TaskFormRepeatSettingsCell.swift */ = {isa = PBXFileReference; lastKnownFileType = sourcecode.swift; path = TaskFormRepeatSettingsCell.swift; sourceTree = "<group>"; };
		8E0CEC1828A342AA00EFE295 /* TaskFormRepeatSettingsCellTests.swift */ = {isa = PBXFileReference; lastKnownFileType = sourcecode.swift; path = TaskFormRepeatSettingsCellTests.swift; sourceTree = "<group>"; };
		8E0CEC1A28A357CD00EFE295 /* MockTaskFormRepeatSettingsCellDelegate.swift */ = {isa = PBXFileReference; lastKnownFileType = sourcecode.swift; path = MockTaskFormRepeatSettingsCellDelegate.swift; sourceTree = "<group>"; };
		8E0CEC1D28A39DC100EFE295 /* RepeatingDayCell.swift */ = {isa = PBXFileReference; lastKnownFileType = sourcecode.swift; path = RepeatingDayCell.swift; sourceTree = "<group>"; };
		8E0CEC1F28A39E2300EFE295 /* TaskFormRepeatSettingsCellViewModel.swift */ = {isa = PBXFileReference; lastKnownFileType = sourcecode.swift; path = TaskFormRepeatSettingsCellViewModel.swift; sourceTree = "<group>"; };
		8E0CEC2228A39FA600EFE295 /* RepeatingDayCellTests.swift */ = {isa = PBXFileReference; lastKnownFileType = sourcecode.swift; path = RepeatingDayCellTests.swift; sourceTree = "<group>"; };
		8E0CEC2428A3B07B00EFE295 /* TaskFormRepeatSettingsCellViewModelTests.swift */ = {isa = PBXFileReference; lastKnownFileType = sourcecode.swift; path = TaskFormRepeatSettingsCellViewModelTests.swift; sourceTree = "<group>"; };
		8E0CEC2628A3C7DE00EFE295 /* TaskFormNotificationCell.swift */ = {isa = PBXFileReference; lastKnownFileType = sourcecode.swift; path = TaskFormNotificationCell.swift; sourceTree = "<group>"; };
		8E2AA0B1289A09A6009F2C53 /* TodoPad.app */ = {isa = PBXFileReference; explicitFileType = wrapper.application; includeInIndex = 0; path = TodoPad.app; sourceTree = BUILT_PRODUCTS_DIR; };
		8E2AA0B4289A09A6009F2C53 /* AppDelegate.swift */ = {isa = PBXFileReference; lastKnownFileType = sourcecode.swift; path = AppDelegate.swift; sourceTree = "<group>"; };
		8E2AA0B6289A09A6009F2C53 /* SceneDelegate.swift */ = {isa = PBXFileReference; lastKnownFileType = sourcecode.swift; path = SceneDelegate.swift; sourceTree = "<group>"; };
		8E2AA0BE289A09A6009F2C53 /* TodoPad.xcdatamodel */ = {isa = PBXFileReference; lastKnownFileType = wrapper.xcdatamodel; path = TodoPad.xcdatamodel; sourceTree = "<group>"; };
		8E2AA0C0289A09A7009F2C53 /* Assets.xcassets */ = {isa = PBXFileReference; lastKnownFileType = folder.assetcatalog; path = Assets.xcassets; sourceTree = "<group>"; };
		8E2AA0C3289A09A7009F2C53 /* Base */ = {isa = PBXFileReference; lastKnownFileType = file.storyboard; name = Base; path = Base.lproj/LaunchScreen.storyboard; sourceTree = "<group>"; };
		8E2AA0C5289A09A7009F2C53 /* Info.plist */ = {isa = PBXFileReference; lastKnownFileType = text.plist.xml; path = Info.plist; sourceTree = "<group>"; };
		8E2AA0CA289A09A8009F2C53 /* TodoPadTests.xctest */ = {isa = PBXFileReference; explicitFileType = wrapper.cfbundle; includeInIndex = 0; path = TodoPadTests.xctest; sourceTree = BUILT_PRODUCTS_DIR; };
		8E2AA0D4289A09A8009F2C53 /* TodoPadUITests.xctest */ = {isa = PBXFileReference; explicitFileType = wrapper.cfbundle; includeInIndex = 0; path = TodoPadUITests.xctest; sourceTree = BUILT_PRODUCTS_DIR; };
		8E2AA0D8289A09A8009F2C53 /* TodoPadUITests.swift */ = {isa = PBXFileReference; lastKnownFileType = sourcecode.swift; path = TodoPadUITests.swift; sourceTree = "<group>"; };
		8E2B2BB1289C554D00DC1D4D /* TaskFormController.swift */ = {isa = PBXFileReference; lastKnownFileType = sourcecode.swift; path = TaskFormController.swift; sourceTree = "<group>"; };
		8E2B2BB3289CB02F00DC1D4D /* SpyNavigationController.swift */ = {isa = PBXFileReference; lastKnownFileType = sourcecode.swift; path = SpyNavigationController.swift; sourceTree = "<group>"; };
		8E2B2BB6289CCA7700DC1D4D /* TaskFormControllerViewModel.swift */ = {isa = PBXFileReference; lastKnownFileType = sourcecode.swift; path = TaskFormControllerViewModel.swift; sourceTree = "<group>"; };
		8E2B2BBA289CCE5100DC1D4D /* TaskFormControllerTests.swift */ = {isa = PBXFileReference; lastKnownFileType = sourcecode.swift; path = TaskFormControllerTests.swift; sourceTree = "<group>"; };
		8E2B2BBC289CCE8E00DC1D4D /* TaskFormControllerViewModelTests.swift */ = {isa = PBXFileReference; lastKnownFileType = sourcecode.swift; path = TaskFormControllerViewModelTests.swift; sourceTree = "<group>"; };
		8E2B2BBE289CCEC300DC1D4D /* TaskFormModel.swift */ = {isa = PBXFileReference; lastKnownFileType = sourcecode.swift; path = TaskFormModel.swift; sourceTree = "<group>"; };
		8E2B2BC6289D8E1F00DC1D4D /* TaskGroup.swift */ = {isa = PBXFileReference; lastKnownFileType = sourcecode.swift; path = TaskGroup.swift; sourceTree = "<group>"; };
		8E2B2BC8289D8E2600DC1D4D /* Task.swift */ = {isa = PBXFileReference; lastKnownFileType = sourcecode.swift; path = Task.swift; sourceTree = "<group>"; };
		8E2B2BCA289D8E2E00DC1D4D /* TaskVariant.swift */ = {isa = PBXFileReference; lastKnownFileType = sourcecode.swift; path = TaskVariant.swift; sourceTree = "<group>"; };
		8E2B2BCC289D8E4000DC1D4D /* PersistentTask.swift */ = {isa = PBXFileReference; lastKnownFileType = sourcecode.swift; path = PersistentTask.swift; sourceTree = "<group>"; };
		8E2B2BCE289D8E4B00DC1D4D /* RepeatingTask.swift */ = {isa = PBXFileReference; lastKnownFileType = sourcecode.swift; path = RepeatingTask.swift; sourceTree = "<group>"; };
		8E2B2BD0289D8E5400DC1D4D /* NonRepeatingTask.swift */ = {isa = PBXFileReference; lastKnownFileType = sourcecode.swift; path = NonRepeatingTask.swift; sourceTree = "<group>"; };
		8E2B2BD3289DC2AA00DC1D4D /* TaskTests.swift */ = {isa = PBXFileReference; lastKnownFileType = sourcecode.swift; path = TaskTests.swift; sourceTree = "<group>"; };
		8E2B2BD5289DC34600DC1D4D /* RepeatSettings.swift */ = {isa = PBXFileReference; lastKnownFileType = sourcecode.swift; path = RepeatSettings.swift; sourceTree = "<group>"; };
		8E2B2BD7289DC36400DC1D4D /* RepeatSettingsTests.swift */ = {isa = PBXFileReference; lastKnownFileType = sourcecode.swift; path = RepeatSettingsTests.swift; sourceTree = "<group>"; };
		8E2B2BD9289DD77400DC1D4D /* PersistentTaskTests.swift */ = {isa = PBXFileReference; lastKnownFileType = sourcecode.swift; path = PersistentTaskTests.swift; sourceTree = "<group>"; };
		8E2B2BDB289E373100DC1D4D /* TaskFormModelTests.swift */ = {isa = PBXFileReference; lastKnownFileType = sourcecode.swift; path = TaskFormModelTests.swift; sourceTree = "<group>"; };
		8E4A9F5328A0A0440092B6AB /* TaskFormCellModel.swift */ = {isa = PBXFileReference; lastKnownFileType = sourcecode.swift; path = TaskFormCellModel.swift; sourceTree = "<group>"; };
		8E4A9F5628A0A2430092B6AB /* TaskFormCellModelTests.swift */ = {isa = PBXFileReference; lastKnownFileType = sourcecode.swift; path = TaskFormCellModelTests.swift; sourceTree = "<group>"; };
		8E4A9F5928A12D4F0092B6AB /* Collection+Extensions.swift */ = {isa = PBXFileReference; lastKnownFileType = sourcecode.swift; path = "Collection+Extensions.swift"; sourceTree = "<group>"; };
		8E4A9F5B28A1CDC60092B6AB /* Date+Extensions.swift */ = {isa = PBXFileReference; lastKnownFileType = sourcecode.swift; path = "Date+Extensions.swift"; sourceTree = "<group>"; };
		8E4A9F5E28A210AE0092B6AB /* TaskFormTextFieldCell.swift */ = {isa = PBXFileReference; lastKnownFileType = sourcecode.swift; path = TaskFormTextFieldCell.swift; sourceTree = "<group>"; };
		8E4A9F6028A212450092B6AB /* TaskFormTextFieldCellTests.swift */ = {isa = PBXFileReference; lastKnownFileType = sourcecode.swift; path = TaskFormTextFieldCellTests.swift; sourceTree = "<group>"; };
		8E4A9F6328A21AA20092B6AB /* MockTaskFormTextFieldCellDelegate.swift */ = {isa = PBXFileReference; lastKnownFileType = sourcecode.swift; path = MockTaskFormTextFieldCellDelegate.swift; sourceTree = "<group>"; };
		8E4A9F6528A21E6C0092B6AB /* BaseTaskFormDropDownCell.swift */ = {isa = PBXFileReference; lastKnownFileType = sourcecode.swift; path = BaseTaskFormDropDownCell.swift; sourceTree = "<group>"; };
		8E4A9F6728A21F190092B6AB /* BaseTaskFormDropDownCellTests.swift */ = {isa = PBXFileReference; lastKnownFileType = sourcecode.swift; path = BaseTaskFormDropDownCellTests.swift; sourceTree = "<group>"; };
		8E4A9F6928A221660092B6AB /* MockBaseTaskFormDropDownCellDelegate.swift */ = {isa = PBXFileReference; lastKnownFileType = sourcecode.swift; path = MockBaseTaskFormDropDownCellDelegate.swift; sourceTree = "<group>"; };
		8E4A9F7028A22A790092B6AB /* TaskFormDatePickerCell.swift */ = {isa = PBXFileReference; lastKnownFileType = sourcecode.swift; path = TaskFormDatePickerCell.swift; sourceTree = "<group>"; };
		8E4A9F7228A2449B0092B6AB /* TaskFormDatePickerCellTests.swift */ = {isa = PBXFileReference; lastKnownFileType = sourcecode.swift; path = TaskFormDatePickerCellTests.swift; sourceTree = "<group>"; };
		8E4A9F7428A261470092B6AB /* MockTaskFormDatePickerCellDelegate.swift */ = {isa = PBXFileReference; lastKnownFileType = sourcecode.swift; path = MockTaskFormDatePickerCellDelegate.swift; sourceTree = "<group>"; };
		8E73F1A028A64E6E0085ED91 /* CoreDataStack.swift */ = {isa = PBXFileReference; lastKnownFileType = sourcecode.swift; path = CoreDataStack.swift; sourceTree = "<group>"; };
		8E73F1A328A655FD0085ED91 /* PersistentTaskManager.swift */ = {isa = PBXFileReference; lastKnownFileType = sourcecode.swift; path = PersistentTaskManager.swift; sourceTree = "<group>"; };
		8E73F1A528A656A00085ED91 /* CoreDataTestStack.swift */ = {isa = PBXFileReference; lastKnownFileType = sourcecode.swift; path = CoreDataTestStack.swift; sourceTree = "<group>"; };
		8E73F1A728A657340085ED91 /* PersistentTaskManagerTests.swift */ = {isa = PBXFileReference; lastKnownFileType = sourcecode.swift; path = PersistentTaskManagerTests.swift; sourceTree = "<group>"; };
		8E73F1B428A65B050085ED91 /* PersistentTaskCD+CoreDataClass.swift */ = {isa = PBXFileReference; lastKnownFileType = sourcecode.swift; path = "PersistentTaskCD+CoreDataClass.swift"; sourceTree = "<group>"; };
		8E73F1B528A65B050085ED91 /* PersistentTaskCD+CoreDataProperties.swift */ = {isa = PBXFileReference; lastKnownFileType = sourcecode.swift; path = "PersistentTaskCD+CoreDataProperties.swift"; sourceTree = "<group>"; };
		8E73F1B828A661E00085ED91 /* CoreDataTaskModelTests.swift */ = {isa = PBXFileReference; lastKnownFileType = sourcecode.swift; path = CoreDataTaskModelTests.swift; sourceTree = "<group>"; };
		8E7FAFB3289A12EB00E0CF58 /* TasksController.swift */ = {isa = PBXFileReference; lastKnownFileType = sourcecode.swift; path = TasksController.swift; sourceTree = "<group>"; };
		8E7FAFB6289A131500E0CF58 /* StatsController.swift */ = {isa = PBXFileReference; lastKnownFileType = sourcecode.swift; path = StatsController.swift; sourceTree = "<group>"; };
		8E7FAFB9289A16BB00E0CF58 /* TabBarControllerTests.swift */ = {isa = PBXFileReference; lastKnownFileType = sourcecode.swift; path = TabBarControllerTests.swift; sourceTree = "<group>"; };
		8E7FAFBB289A176700E0CF58 /* TabBarController.swift */ = {isa = PBXFileReference; lastKnownFileType = sourcecode.swift; path = TabBarController.swift; sourceTree = "<group>"; };
		8E7FAFBE289A184700E0CF58 /* UINavigationController+Extensions.swift */ = {isa = PBXFileReference; lastKnownFileType = sourcecode.swift; path = "UINavigationController+Extensions.swift"; sourceTree = "<group>"; };
		8E7FAFC0289A18A700E0CF58 /* UIColor+Extensions.swift */ = {isa = PBXFileReference; lastKnownFileType = sourcecode.swift; path = "UIColor+Extensions.swift"; sourceTree = "<group>"; };
		8E7FAFC2289A1BF300E0CF58 /* Constants.swift */ = {isa = PBXFileReference; lastKnownFileType = sourcecode.swift; path = Constants.swift; sourceTree = "<group>"; };
		8E7FAFC4289A311300E0CF58 /* TasksControllerViewModel.swift */ = {isa = PBXFileReference; lastKnownFileType = sourcecode.swift; path = TasksControllerViewModel.swift; sourceTree = "<group>"; };
		8E7FAFC8289A330C00E0CF58 /* DateScrollerViewModelTests.swift */ = {isa = PBXFileReference; lastKnownFileType = sourcecode.swift; path = DateScrollerViewModelTests.swift; sourceTree = "<group>"; };
		8E7FAFCA289A334700E0CF58 /* DateScroller.swift */ = {isa = PBXFileReference; lastKnownFileType = sourcecode.swift; path = DateScroller.swift; sourceTree = "<group>"; };
		8E7FAFCC289A34D700E0CF58 /* DateScrollerViewModel.swift */ = {isa = PBXFileReference; lastKnownFileType = sourcecode.swift; path = DateScrollerViewModel.swift; sourceTree = "<group>"; };
		8E7FAFCF289A356900E0CF58 /* DateHelper.swift */ = {isa = PBXFileReference; lastKnownFileType = sourcecode.swift; path = DateHelper.swift; sourceTree = "<group>"; };
		8E7FAFD1289A39AF00E0CF58 /* DateScrollerCell.swift */ = {isa = PBXFileReference; lastKnownFileType = sourcecode.swift; path = DateScrollerCell.swift; sourceTree = "<group>"; };
		8E7FAFD3289A3D2300E0CF58 /* DateScrollerCellTests.swift */ = {isa = PBXFileReference; lastKnownFileType = sourcecode.swift; path = DateScrollerCellTests.swift; sourceTree = "<group>"; };
		8E7FAFD5289A3D9700E0CF58 /* UIView+Extensions.swift */ = {isa = PBXFileReference; lastKnownFileType = sourcecode.swift; path = "UIView+Extensions.swift"; sourceTree = "<group>"; };
		8E7FAFD9289A3EB500E0CF58 /* DateScrollerTests.swift */ = {isa = PBXFileReference; lastKnownFileType = sourcecode.swift; path = DateScrollerTests.swift; sourceTree = "<group>"; };
		8E7FAFDB289A445C00E0CF58 /* UILabel+Extensions.swift */ = {isa = PBXFileReference; lastKnownFileType = sourcecode.swift; path = "UILabel+Extensions.swift"; sourceTree = "<group>"; };
		8EB96057289B577100D63477 /* MockDateScrollerDelegate.swift */ = {isa = PBXFileReference; lastKnownFileType = sourcecode.swift; path = MockDateScrollerDelegate.swift; sourceTree = "<group>"; };
		8EB96059289B79DF00D63477 /* TasksControllerTests.swift */ = {isa = PBXFileReference; lastKnownFileType = sourcecode.swift; path = TasksControllerTests.swift; sourceTree = "<group>"; };
		8EB9605C289B7AC500D63477 /* TasksTableViewHeader.swift */ = {isa = PBXFileReference; lastKnownFileType = sourcecode.swift; path = TasksTableViewHeader.swift; sourceTree = "<group>"; };
		8EB9605E289B7F4B00D63477 /* TasksControllerViewModelTests.swift */ = {isa = PBXFileReference; lastKnownFileType = sourcecode.swift; path = TasksControllerViewModelTests.swift; sourceTree = "<group>"; };
		8EB96060289B981A00D63477 /* TasksTableViewHeaderTests.swift */ = {isa = PBXFileReference; lastKnownFileType = sourcecode.swift; path = TasksTableViewHeaderTests.swift; sourceTree = "<group>"; };
		8EB96063289B984D00D63477 /* MockTasksTableViewHeaderDelegate.swift */ = {isa = PBXFileReference; lastKnownFileType = sourcecode.swift; path = MockTasksTableViewHeaderDelegate.swift; sourceTree = "<group>"; };
		8EF8610028A4FC3500FC6674 /* TaskGroupCell.swift */ = {isa = PBXFileReference; lastKnownFileType = sourcecode.swift; path = TaskGroupCell.swift; sourceTree = "<group>"; };
		8EF8610228A4FDD100FC6674 /* TaskGroupCellTests.swift */ = {isa = PBXFileReference; lastKnownFileType = sourcecode.swift; path = TaskGroupCellTests.swift; sourceTree = "<group>"; };
/* End PBXFileReference section */

/* Begin PBXFrameworksBuildPhase section */
		8E2AA0AE289A09A6009F2C53 /* Frameworks */ = {
			isa = PBXFrameworksBuildPhase;
			buildActionMask = 2147483647;
			files = (
			);
			runOnlyForDeploymentPostprocessing = 0;
		};
		8E2AA0C7289A09A8009F2C53 /* Frameworks */ = {
			isa = PBXFrameworksBuildPhase;
			buildActionMask = 2147483647;
			files = (
			);
			runOnlyForDeploymentPostprocessing = 0;
		};
		8E2AA0D1289A09A8009F2C53 /* Frameworks */ = {
			isa = PBXFrameworksBuildPhase;
			buildActionMask = 2147483647;
			files = (
			);
			runOnlyForDeploymentPostprocessing = 0;
		};
/* End PBXFrameworksBuildPhase section */

/* Begin PBXGroup section */
		8E0CEC1C28A39D7000EFE295 /* TaskFormRepeatSettingsCell */ = {
			isa = PBXGroup;
			children = (
				8E0CEC1628A33FC000EFE295 /* TaskFormRepeatSettingsCell.swift */,
				8E0CEC1F28A39E2300EFE295 /* TaskFormRepeatSettingsCellViewModel.swift */,
				8E0CEC1D28A39DC100EFE295 /* RepeatingDayCell.swift */,
			);
			path = TaskFormRepeatSettingsCell;
			sourceTree = "<group>";
		};
		8E0CEC2128A39F7D00EFE295 /* TaskFormRepeatSettingsCell */ = {
			isa = PBXGroup;
			children = (
				8E0CEC1828A342AA00EFE295 /* TaskFormRepeatSettingsCellTests.swift */,
				8E0CEC2228A39FA600EFE295 /* RepeatingDayCellTests.swift */,
				8E0CEC2428A3B07B00EFE295 /* TaskFormRepeatSettingsCellViewModelTests.swift */,
			);
			path = TaskFormRepeatSettingsCell;
			sourceTree = "<group>";
		};
		8E2AA0A8289A09A6009F2C53 = {
			isa = PBXGroup;
			children = (
				8E2AA0B3289A09A6009F2C53 /* TodoPad */,
				8E2AA0CD289A09A8009F2C53 /* TodoPadTests */,
				8E2AA0D7289A09A8009F2C53 /* TodoPadUITests */,
				8E2AA0B2289A09A6009F2C53 /* Products */,
			);
			sourceTree = "<group>";
		};
		8E2AA0B2289A09A6009F2C53 /* Products */ = {
			isa = PBXGroup;
			children = (
				8E2AA0B1289A09A6009F2C53 /* TodoPad.app */,
				8E2AA0CA289A09A8009F2C53 /* TodoPadTests.xctest */,
				8E2AA0D4289A09A8009F2C53 /* TodoPadUITests.xctest */,
			);
			name = Products;
			sourceTree = "<group>";
		};
		8E2AA0B3289A09A6009F2C53 /* TodoPad */ = {
			isa = PBXGroup;
			children = (
				8E7FAFBB289A176700E0CF58 /* TabBarController.swift */,
				8E7FAFB1289A128F00E0CF58 /* Models */,
				8E7FAFAE289A122B00E0CF58 /* Task Tab */,
				8E7FAFB0289A128600E0CF58 /* Stats Tab */,
				8E7FAFCE289A355C00E0CF58 /* Helpers */,
				8E7FAFC6289A312700E0CF58 /* DateScroller */,
				8E2B2BC0289CCF3E00DC1D4D /* CoreData */,
				8E7FAFAF289A123700E0CF58 /* Supporting */,
				8E2AA0C5289A09A7009F2C53 /* Info.plist */,
			);
			path = TodoPad;
			sourceTree = "<group>";
		};
		8E2AA0CD289A09A8009F2C53 /* TodoPadTests */ = {
			isa = PBXGroup;
			children = (
				8E2B2BB3289CB02F00DC1D4D /* SpyNavigationController.swift */,
				8E7FAFB9289A16BB00E0CF58 /* TabBarControllerTests.swift */,
				8EB9605B289B7A8000D63477 /* TasksController */,
				8E2B2BB5289CC57E00DC1D4D /* TaskFormController */,
				8E7FAFC7289A32CB00E0CF58 /* DateScroller */,
				8E2B2BD2289DC29100DC1D4D /* Models */,
				8E73DB0528A5398900928F1F /* CoreData */,
			);
			path = TodoPadTests;
			sourceTree = "<group>";
		};
		8E2AA0D7289A09A8009F2C53 /* TodoPadUITests */ = {
			isa = PBXGroup;
			children = (
				8E2AA0D8289A09A8009F2C53 /* TodoPadUITests.swift */,
			);
			path = TodoPadUITests;
			sourceTree = "<group>";
		};
		8E2B2BB0289C551E00DC1D4D /* TaskFormController */ = {
			isa = PBXGroup;
			children = (
				8E2B2BB1289C554D00DC1D4D /* TaskFormController.swift */,
				8E2B2BB6289CCA7700DC1D4D /* TaskFormControllerViewModel.swift */,
				8E2B2BB9289CCA8200DC1D4D /* Models */,
				8E2B2BB8289CCA7D00DC1D4D /* Views */,
			);
			path = TaskFormController;
			sourceTree = "<group>";
		};
		8E2B2BB5289CC57E00DC1D4D /* TaskFormController */ = {
			isa = PBXGroup;
			children = (
				8E2B2BBA289CCE5100DC1D4D /* TaskFormControllerTests.swift */,
				8E2B2BBC289CCE8E00DC1D4D /* TaskFormControllerViewModelTests.swift */,
				8E4A9F5528A0A22A0092B6AB /* Models */,
				8E4A9F5D28A2100A0092B6AB /* Views */,
			);
			path = TaskFormController;
			sourceTree = "<group>";
		};
		8E2B2BB8289CCA7D00DC1D4D /* Views */ = {
			isa = PBXGroup;
			children = (
				8E4A9F5E28A210AE0092B6AB /* TaskFormTextFieldCell.swift */,
				8E4A9F6528A21E6C0092B6AB /* BaseTaskFormDropDownCell.swift */,
				8E4A9F6F28A22A6A0092B6AB /* DropDownCells */,
			);
			path = Views;
			sourceTree = "<group>";
		};
		8E2B2BB9289CCA8200DC1D4D /* Models */ = {
			isa = PBXGroup;
			children = (
				8E2B2BBE289CCEC300DC1D4D /* TaskFormModel.swift */,
				8E4A9F5328A0A0440092B6AB /* TaskFormCellModel.swift */,
			);
			path = Models;
			sourceTree = "<group>";
		};
		8E2B2BC0289CCF3E00DC1D4D /* CoreData */ = {
			isa = PBXGroup;
			children = (
				8E2AA0BD289A09A6009F2C53 /* TodoPad.xcdatamodeld */,
				8E73F1A928A658C00085ED91 /* Models */,
				8E73F1A028A64E6E0085ED91 /* CoreDataStack.swift */,
				8E73F1A328A655FD0085ED91 /* PersistentTaskManager.swift */,
			);
			path = CoreData;
			sourceTree = "<group>";
		};
		8E2B2BD2289DC29100DC1D4D /* Models */ = {
			isa = PBXGroup;
			children = (
				8E2B2BD3289DC2AA00DC1D4D /* TaskTests.swift */,
				8E2B2BD9289DD77400DC1D4D /* PersistentTaskTests.swift */,
				8E2B2BD7289DC36400DC1D4D /* RepeatSettingsTests.swift */,
			);
			path = Models;
			sourceTree = "<group>";
		};
		8E4A9F5528A0A22A0092B6AB /* Models */ = {
			isa = PBXGroup;
			children = (
				8E2B2BDB289E373100DC1D4D /* TaskFormModelTests.swift */,
				8E4A9F5628A0A2430092B6AB /* TaskFormCellModelTests.swift */,
			);
			path = Models;
			sourceTree = "<group>";
		};
		8E4A9F5D28A2100A0092B6AB /* Views */ = {
			isa = PBXGroup;
			children = (
				8E4A9F6228A219F40092B6AB /* Mocks */,
				8E4A9F6028A212450092B6AB /* TaskFormTextFieldCellTests.swift */,
				8E4A9F6728A21F190092B6AB /* BaseTaskFormDropDownCellTests.swift */,
				8E4A9F6E28A22A430092B6AB /* DropDownCells */,
			);
			path = Views;
			sourceTree = "<group>";
		};
		8E4A9F6228A219F40092B6AB /* Mocks */ = {
			isa = PBXGroup;
			children = (
				8E4A9F6328A21AA20092B6AB /* MockTaskFormTextFieldCellDelegate.swift */,
				8E4A9F6928A221660092B6AB /* MockBaseTaskFormDropDownCellDelegate.swift */,
				8E4A9F7428A261470092B6AB /* MockTaskFormDatePickerCellDelegate.swift */,
				8E0CEC1A28A357CD00EFE295 /* MockTaskFormRepeatSettingsCellDelegate.swift */,
			);
			path = Mocks;
			sourceTree = "<group>";
		};
		8E4A9F6E28A22A430092B6AB /* DropDownCells */ = {
			isa = PBXGroup;
			children = (
				8E4A9F7228A2449B0092B6AB /* TaskFormDatePickerCellTests.swift */,
				8E0CEC2128A39F7D00EFE295 /* TaskFormRepeatSettingsCell */,
			);
			path = DropDownCells;
			sourceTree = "<group>";
		};
		8E4A9F6F28A22A6A0092B6AB /* DropDownCells */ = {
			isa = PBXGroup;
			children = (
				8E4A9F7028A22A790092B6AB /* TaskFormDatePickerCell.swift */,
				8E0CEC1C28A39D7000EFE295 /* TaskFormRepeatSettingsCell */,
				8E0CEC2628A3C7DE00EFE295 /* TaskFormNotificationCell.swift */,
			);
			path = DropDownCells;
			sourceTree = "<group>";
		};
		8E73DB0528A5398900928F1F /* CoreData */ = {
			isa = PBXGroup;
			children = (
				8E73F1A528A656A00085ED91 /* CoreDataTestStack.swift */,
				8E73F1B828A661E00085ED91 /* CoreDataTaskModelTests.swift */,
				8E73F1A728A657340085ED91 /* PersistentTaskManagerTests.swift */,
			);
			path = CoreData;
			sourceTree = "<group>";
		};
		8E73F1A928A658C00085ED91 /* Models */ = {
			isa = PBXGroup;
			children = (
				8E73F1AA28A658DD0085ED91 /* NSManagedObjects */,
			);
			path = Models;
			sourceTree = "<group>";
		};
		8E73F1AA28A658DD0085ED91 /* NSManagedObjects */ = {
			isa = PBXGroup;
			children = (
				8E73F1AB28A658E70085ED91 /* Persistent */,
			);
			path = NSManagedObjects;
			sourceTree = "<group>";
		};
		8E73F1AB28A658E70085ED91 /* Persistent */ = {
			isa = PBXGroup;
			children = (
				8E73F1B428A65B050085ED91 /* PersistentTaskCD+CoreDataClass.swift */,
				8E73F1B528A65B050085ED91 /* PersistentTaskCD+CoreDataProperties.swift */,
			);
			path = Persistent;
			sourceTree = "<group>";
		};
		8E7FAFAE289A122B00E0CF58 /* Task Tab */ = {
			isa = PBXGroup;
			children = (
				8E7FAFB2289A12CD00E0CF58 /* TaskController */,
				8E2B2BB0289C551E00DC1D4D /* TaskFormController */,
			);
			path = "Task Tab";
			sourceTree = "<group>";
		};
		8E7FAFAF289A123700E0CF58 /* Supporting */ = {
			isa = PBXGroup;
			children = (
				8E7FAFBD289A183100E0CF58 /* Extensions */,
				8E2AA0B4289A09A6009F2C53 /* AppDelegate.swift */,
				8E2AA0B6289A09A6009F2C53 /* SceneDelegate.swift */,
				8E2AA0C0289A09A7009F2C53 /* Assets.xcassets */,
				8E2AA0C2289A09A7009F2C53 /* LaunchScreen.storyboard */,
				8E7FAFC2289A1BF300E0CF58 /* Constants.swift */,
			);
			path = Supporting;
			sourceTree = "<group>";
		};
		8E7FAFB0289A128600E0CF58 /* Stats Tab */ = {
			isa = PBXGroup;
			children = (
				8E7FAFB5289A130500E0CF58 /* StatsController */,
			);
			path = "Stats Tab";
			sourceTree = "<group>";
		};
		8E7FAFB1289A128F00E0CF58 /* Models */ = {
			isa = PBXGroup;
			children = (
				8E2B2BC6289D8E1F00DC1D4D /* TaskGroup.swift */,
				8E2B2BC8289D8E2600DC1D4D /* Task.swift */,
				8E2B2BCA289D8E2E00DC1D4D /* TaskVariant.swift */,
				8E2B2BCC289D8E4000DC1D4D /* PersistentTask.swift */,
				8E2B2BCE289D8E4B00DC1D4D /* RepeatingTask.swift */,
				8E2B2BD5289DC34600DC1D4D /* RepeatSettings.swift */,
				8E2B2BD0289D8E5400DC1D4D /* NonRepeatingTask.swift */,
			);
			path = Models;
			sourceTree = "<group>";
		};
		8E7FAFB2289A12CD00E0CF58 /* TaskController */ = {
			isa = PBXGroup;
			children = (
				8E7FAFB3289A12EB00E0CF58 /* TasksController.swift */,
				8E7FAFC4289A311300E0CF58 /* TasksControllerViewModel.swift */,
				8EB9605C289B7AC500D63477 /* TasksTableViewHeader.swift */,
				8EF8610028A4FC3500FC6674 /* TaskGroupCell.swift */,
			);
			path = TaskController;
			sourceTree = "<group>";
		};
		8E7FAFB5289A130500E0CF58 /* StatsController */ = {
			isa = PBXGroup;
			children = (
				8E7FAFB6289A131500E0CF58 /* StatsController.swift */,
			);
			path = StatsController;
			sourceTree = "<group>";
		};
		8E7FAFBD289A183100E0CF58 /* Extensions */ = {
			isa = PBXGroup;
			children = (
				8E7FAFBE289A184700E0CF58 /* UINavigationController+Extensions.swift */,
				8E7FAFC0289A18A700E0CF58 /* UIColor+Extensions.swift */,
				8E7FAFD5289A3D9700E0CF58 /* UIView+Extensions.swift */,
				8E7FAFDB289A445C00E0CF58 /* UILabel+Extensions.swift */,
				8E4A9F5928A12D4F0092B6AB /* Collection+Extensions.swift */,
				8E4A9F5B28A1CDC60092B6AB /* Date+Extensions.swift */,
			);
			path = Extensions;
			sourceTree = "<group>";
		};
		8E7FAFC6289A312700E0CF58 /* DateScroller */ = {
			isa = PBXGroup;
			children = (
				8E7FAFCA289A334700E0CF58 /* DateScroller.swift */,
				8E7FAFCC289A34D700E0CF58 /* DateScrollerViewModel.swift */,
				8E7FAFD1289A39AF00E0CF58 /* DateScrollerCell.swift */,
			);
			path = DateScroller;
			sourceTree = "<group>";
		};
		8E7FAFC7289A32CB00E0CF58 /* DateScroller */ = {
			isa = PBXGroup;
			children = (
				8EB96056289B56CE00D63477 /* Mocks */,
				8E7FAFD9289A3EB500E0CF58 /* DateScrollerTests.swift */,
				8E7FAFC8289A330C00E0CF58 /* DateScrollerViewModelTests.swift */,
				8E7FAFD3289A3D2300E0CF58 /* DateScrollerCellTests.swift */,
			);
			path = DateScroller;
			sourceTree = "<group>";
		};
		8E7FAFCE289A355C00E0CF58 /* Helpers */ = {
			isa = PBXGroup;
			children = (
				8E7FAFCF289A356900E0CF58 /* DateHelper.swift */,
			);
			path = Helpers;
			sourceTree = "<group>";
		};
		8EB96056289B56CE00D63477 /* Mocks */ = {
			isa = PBXGroup;
			children = (
				8EB96057289B577100D63477 /* MockDateScrollerDelegate.swift */,
			);
			path = Mocks;
			sourceTree = "<group>";
		};
		8EB9605B289B7A8000D63477 /* TasksController */ = {
			isa = PBXGroup;
			children = (
				8EB96062289B984000D63477 /* Mocks */,
				8EB96059289B79DF00D63477 /* TasksControllerTests.swift */,
				8EB9605E289B7F4B00D63477 /* TasksControllerViewModelTests.swift */,
				8EB96060289B981A00D63477 /* TasksTableViewHeaderTests.swift */,
				8EF8610228A4FDD100FC6674 /* TaskGroupCellTests.swift */,
			);
			path = TasksController;
			sourceTree = "<group>";
		};
		8EB96062289B984000D63477 /* Mocks */ = {
			isa = PBXGroup;
			children = (
				8EB96063289B984D00D63477 /* MockTasksTableViewHeaderDelegate.swift */,
			);
			path = Mocks;
			sourceTree = "<group>";
		};
/* End PBXGroup section */

/* Begin PBXNativeTarget section */
		8E2AA0B0289A09A6009F2C53 /* TodoPad */ = {
			isa = PBXNativeTarget;
			buildConfigurationList = 8E2AA0DE289A09A8009F2C53 /* Build configuration list for PBXNativeTarget "TodoPad" */;
			buildPhases = (
				8E2AA0AD289A09A6009F2C53 /* Sources */,
				8E2AA0AE289A09A6009F2C53 /* Frameworks */,
				8E2AA0AF289A09A6009F2C53 /* Resources */,
			);
			buildRules = (
			);
			dependencies = (
			);
			name = TodoPad;
			productName = TodoPad;
			productReference = 8E2AA0B1289A09A6009F2C53 /* TodoPad.app */;
			productType = "com.apple.product-type.application";
		};
		8E2AA0C9289A09A8009F2C53 /* TodoPadTests */ = {
			isa = PBXNativeTarget;
			buildConfigurationList = 8E2AA0E1289A09A8009F2C53 /* Build configuration list for PBXNativeTarget "TodoPadTests" */;
			buildPhases = (
				8E2AA0C6289A09A8009F2C53 /* Sources */,
				8E2AA0C7289A09A8009F2C53 /* Frameworks */,
				8E2AA0C8289A09A8009F2C53 /* Resources */,
			);
			buildRules = (
			);
			dependencies = (
				8E2AA0CC289A09A8009F2C53 /* PBXTargetDependency */,
			);
			name = TodoPadTests;
			productName = TodoPadTests;
			productReference = 8E2AA0CA289A09A8009F2C53 /* TodoPadTests.xctest */;
			productType = "com.apple.product-type.bundle.unit-test";
		};
		8E2AA0D3289A09A8009F2C53 /* TodoPadUITests */ = {
			isa = PBXNativeTarget;
			buildConfigurationList = 8E2AA0E4289A09A8009F2C53 /* Build configuration list for PBXNativeTarget "TodoPadUITests" */;
			buildPhases = (
				8E2AA0D0289A09A8009F2C53 /* Sources */,
				8E2AA0D1289A09A8009F2C53 /* Frameworks */,
				8E2AA0D2289A09A8009F2C53 /* Resources */,
			);
			buildRules = (
			);
			dependencies = (
				8E2AA0D6289A09A8009F2C53 /* PBXTargetDependency */,
			);
			name = TodoPadUITests;
			productName = TodoPadUITests;
			productReference = 8E2AA0D4289A09A8009F2C53 /* TodoPadUITests.xctest */;
			productType = "com.apple.product-type.bundle.ui-testing";
		};
/* End PBXNativeTarget section */

/* Begin PBXProject section */
		8E2AA0A9289A09A6009F2C53 /* Project object */ = {
			isa = PBXProject;
			attributes = {
				BuildIndependentTargetsInParallel = 1;
				LastSwiftUpdateCheck = 1320;
				LastUpgradeCheck = 1320;
				TargetAttributes = {
					8E2AA0B0289A09A6009F2C53 = {
						CreatedOnToolsVersion = 13.2.1;
					};
					8E2AA0C9289A09A8009F2C53 = {
						CreatedOnToolsVersion = 13.2.1;
						TestTargetID = 8E2AA0B0289A09A6009F2C53;
					};
					8E2AA0D3289A09A8009F2C53 = {
						CreatedOnToolsVersion = 13.2.1;
						TestTargetID = 8E2AA0B0289A09A6009F2C53;
					};
				};
			};
			buildConfigurationList = 8E2AA0AC289A09A6009F2C53 /* Build configuration list for PBXProject "TodoPad" */;
			compatibilityVersion = "Xcode 13.0";
			developmentRegion = en;
			hasScannedForEncodings = 0;
			knownRegions = (
				en,
				Base,
			);
			mainGroup = 8E2AA0A8289A09A6009F2C53;
			productRefGroup = 8E2AA0B2289A09A6009F2C53 /* Products */;
			projectDirPath = "";
			projectRoot = "";
			targets = (
				8E2AA0B0289A09A6009F2C53 /* TodoPad */,
				8E2AA0C9289A09A8009F2C53 /* TodoPadTests */,
				8E2AA0D3289A09A8009F2C53 /* TodoPadUITests */,
			);
		};
/* End PBXProject section */

/* Begin PBXResourcesBuildPhase section */
		8E2AA0AF289A09A6009F2C53 /* Resources */ = {
			isa = PBXResourcesBuildPhase;
			buildActionMask = 2147483647;
			files = (
				8E2AA0C4289A09A7009F2C53 /* LaunchScreen.storyboard in Resources */,
				8E2AA0C1289A09A7009F2C53 /* Assets.xcassets in Resources */,
			);
			runOnlyForDeploymentPostprocessing = 0;
		};
		8E2AA0C8289A09A8009F2C53 /* Resources */ = {
			isa = PBXResourcesBuildPhase;
			buildActionMask = 2147483647;
			files = (
			);
			runOnlyForDeploymentPostprocessing = 0;
		};
		8E2AA0D2289A09A8009F2C53 /* Resources */ = {
			isa = PBXResourcesBuildPhase;
			buildActionMask = 2147483647;
			files = (
			);
			runOnlyForDeploymentPostprocessing = 0;
		};
/* End PBXResourcesBuildPhase section */

/* Begin PBXSourcesBuildPhase section */
		8E2AA0AD289A09A6009F2C53 /* Sources */ = {
			isa = PBXSourcesBuildPhase;
			buildActionMask = 2147483647;
			files = (
				8E2B2BB7289CCA7700DC1D4D /* TaskFormControllerViewModel.swift in Sources */,
				8E73F1B628A65B050085ED91 /* PersistentTaskCD+CoreDataClass.swift in Sources */,
				8E2B2BB2289C554D00DC1D4D /* TaskFormController.swift in Sources */,
				8E7FAFB7289A131500E0CF58 /* StatsController.swift in Sources */,
				8E2B2BCD289D8E4000DC1D4D /* PersistentTask.swift in Sources */,
				8E4A9F5A28A12D4F0092B6AB /* Collection+Extensions.swift in Sources */,
				8E73F1A428A655FD0085ED91 /* PersistentTaskManager.swift in Sources */,
				8E0CEC2028A39E2300EFE295 /* TaskFormRepeatSettingsCellViewModel.swift in Sources */,
				8E73F1A128A64E6E0085ED91 /* CoreDataStack.swift in Sources */,
				8EF8610128A4FC3500FC6674 /* TaskGroupCell.swift in Sources */,
				8E2B2BCF289D8E4B00DC1D4D /* RepeatingTask.swift in Sources */,
				8E7FAFD2289A39B000E0CF58 /* DateScrollerCell.swift in Sources */,
				8E4A9F7128A22A790092B6AB /* TaskFormDatePickerCell.swift in Sources */,
				8E4A9F5428A0A0440092B6AB /* TaskFormCellModel.swift in Sources */,
				8E4A9F6628A21E6C0092B6AB /* BaseTaskFormDropDownCell.swift in Sources */,
				8E2B2BC9289D8E2600DC1D4D /* Task.swift in Sources */,
				8E7FAFB4289A12EB00E0CF58 /* TasksController.swift in Sources */,
				8E2AA0B5289A09A6009F2C53 /* AppDelegate.swift in Sources */,
				8E7FAFC1289A18A700E0CF58 /* UIColor+Extensions.swift in Sources */,
				8E7FAFBC289A176700E0CF58 /* TabBarController.swift in Sources */,
				8EB9605D289B7AC500D63477 /* TasksTableViewHeader.swift in Sources */,
				8E0CEC2728A3C7DE00EFE295 /* TaskFormNotificationCell.swift in Sources */,
				8E2AA0B7289A09A6009F2C53 /* SceneDelegate.swift in Sources */,
				8E2AA0BF289A09A6009F2C53 /* TodoPad.xcdatamodeld in Sources */,
				8E2B2BC7289D8E1F00DC1D4D /* TaskGroup.swift in Sources */,
				8E7FAFCB289A334700E0CF58 /* DateScroller.swift in Sources */,
				8E7FAFD0289A356900E0CF58 /* DateHelper.swift in Sources */,
				8E7FAFC5289A311300E0CF58 /* TasksControllerViewModel.swift in Sources */,
				8E2B2BBF289CCEC300DC1D4D /* TaskFormModel.swift in Sources */,
				8E7FAFBF289A184700E0CF58 /* UINavigationController+Extensions.swift in Sources */,
				8E2B2BCB289D8E2E00DC1D4D /* TaskVariant.swift in Sources */,
				8E4A9F5F28A210AE0092B6AB /* TaskFormTextFieldCell.swift in Sources */,
				8E4A9F5C28A1CDC60092B6AB /* Date+Extensions.swift in Sources */,
				8E7FAFDC289A445C00E0CF58 /* UILabel+Extensions.swift in Sources */,
				8E2B2BD1289D8E5400DC1D4D /* NonRepeatingTask.swift in Sources */,
				8E7FAFD6289A3D9700E0CF58 /* UIView+Extensions.swift in Sources */,
				8E0CEC1E28A39DC100EFE295 /* RepeatingDayCell.swift in Sources */,
				8E7FAFCD289A34D700E0CF58 /* DateScrollerViewModel.swift in Sources */,
				8E73F1B728A65B050085ED91 /* PersistentTaskCD+CoreDataProperties.swift in Sources */,
				8E2B2BD6289DC34600DC1D4D /* RepeatSettings.swift in Sources */,
				8E0CEC1728A33FC000EFE295 /* TaskFormRepeatSettingsCell.swift in Sources */,
				8E7FAFC3289A1BF300E0CF58 /* Constants.swift in Sources */,
			);
			runOnlyForDeploymentPostprocessing = 0;
		};
		8E2AA0C6289A09A8009F2C53 /* Sources */ = {
			isa = PBXSourcesBuildPhase;
			buildActionMask = 2147483647;
			files = (
				8E2B2BBB289CCE5100DC1D4D /* TaskFormControllerTests.swift in Sources */,
				8E4A9F6428A21AA20092B6AB /* MockTaskFormTextFieldCellDelegate.swift in Sources */,
				8EB9605F289B7F4B00D63477 /* TasksControllerViewModelTests.swift in Sources */,
				8E4A9F5728A0A2430092B6AB /* TaskFormCellModelTests.swift in Sources */,
				8E73F1A628A656A00085ED91 /* CoreDataTestStack.swift in Sources */,
				8E0CEC1928A342AA00EFE295 /* TaskFormRepeatSettingsCellTests.swift in Sources */,
				8E73F1A828A657340085ED91 /* PersistentTaskManagerTests.swift in Sources */,
				8E7FAFD4289A3D2300E0CF58 /* DateScrollerCellTests.swift in Sources */,
				8EF8610328A4FDD100FC6674 /* TaskGroupCellTests.swift in Sources */,
				8E73F1B928A661E00085ED91 /* CoreDataTaskModelTests.swift in Sources */,
				8E4A9F6A28A221660092B6AB /* MockBaseTaskFormDropDownCellDelegate.swift in Sources */,
				8E4A9F7328A2449B0092B6AB /* TaskFormDatePickerCellTests.swift in Sources */,
				8E0CEC2328A39FA600EFE295 /* RepeatingDayCellTests.swift in Sources */,
				8E2B2BBD289CCE8E00DC1D4D /* TaskFormControllerViewModelTests.swift in Sources */,
				8E0CEC1B28A357CD00EFE295 /* MockTaskFormRepeatSettingsCellDelegate.swift in Sources */,
				8E2B2BD4289DC2AA00DC1D4D /* TaskTests.swift in Sources */,
				8E7FAFC9289A330C00E0CF58 /* DateScrollerViewModelTests.swift in Sources */,
				8EB96058289B577100D63477 /* MockDateScrollerDelegate.swift in Sources */,
				8E2B2BD8289DC36400DC1D4D /* RepeatSettingsTests.swift in Sources */,
				8EB9605A289B79DF00D63477 /* TasksControllerTests.swift in Sources */,
				8E4A9F6128A212450092B6AB /* TaskFormTextFieldCellTests.swift in Sources */,
				8E4A9F6828A21F190092B6AB /* BaseTaskFormDropDownCellTests.swift in Sources */,
				8E7FAFBA289A16BB00E0CF58 /* TabBarControllerTests.swift in Sources */,
				8E7FAFDA289A3EB500E0CF58 /* DateScrollerTests.swift in Sources */,
				8E4A9F7528A261470092B6AB /* MockTaskFormDatePickerCellDelegate.swift in Sources */,
				8E2B2BDA289DD77400DC1D4D /* PersistentTaskTests.swift in Sources */,
				8EB96064289B984D00D63477 /* MockTasksTableViewHeaderDelegate.swift in Sources */,
				8E2B2BB4289CB02F00DC1D4D /* SpyNavigationController.swift in Sources */,
				8E2B2BDC289E373100DC1D4D /* TaskFormModelTests.swift in Sources */,
				8EB96061289B981A00D63477 /* TasksTableViewHeaderTests.swift in Sources */,
				8E0CEC2528A3B07B00EFE295 /* TaskFormRepeatSettingsCellViewModelTests.swift in Sources */,
			);
			runOnlyForDeploymentPostprocessing = 0;
		};
		8E2AA0D0289A09A8009F2C53 /* Sources */ = {
			isa = PBXSourcesBuildPhase;
			buildActionMask = 2147483647;
			files = (
				8E2AA0D9289A09A8009F2C53 /* TodoPadUITests.swift in Sources */,
			);
			runOnlyForDeploymentPostprocessing = 0;
		};
/* End PBXSourcesBuildPhase section */

/* Begin PBXTargetDependency section */
		8E2AA0CC289A09A8009F2C53 /* PBXTargetDependency */ = {
			isa = PBXTargetDependency;
			target = 8E2AA0B0289A09A6009F2C53 /* TodoPad */;
			targetProxy = 8E2AA0CB289A09A8009F2C53 /* PBXContainerItemProxy */;
		};
		8E2AA0D6289A09A8009F2C53 /* PBXTargetDependency */ = {
			isa = PBXTargetDependency;
			target = 8E2AA0B0289A09A6009F2C53 /* TodoPad */;
			targetProxy = 8E2AA0D5289A09A8009F2C53 /* PBXContainerItemProxy */;
		};
/* End PBXTargetDependency section */

/* Begin PBXVariantGroup section */
		8E2AA0C2289A09A7009F2C53 /* LaunchScreen.storyboard */ = {
			isa = PBXVariantGroup;
			children = (
				8E2AA0C3289A09A7009F2C53 /* Base */,
			);
			name = LaunchScreen.storyboard;
			sourceTree = "<group>";
		};
/* End PBXVariantGroup section */

/* Begin XCBuildConfiguration section */
		8E2AA0DC289A09A8009F2C53 /* Debug */ = {
			isa = XCBuildConfiguration;
			buildSettings = {
				ALWAYS_SEARCH_USER_PATHS = NO;
				CLANG_ANALYZER_NONNULL = YES;
				CLANG_ANALYZER_NUMBER_OBJECT_CONVERSION = YES_AGGRESSIVE;
				CLANG_CXX_LANGUAGE_STANDARD = "gnu++17";
				CLANG_CXX_LIBRARY = "libc++";
				CLANG_ENABLE_MODULES = YES;
				CLANG_ENABLE_OBJC_ARC = YES;
				CLANG_ENABLE_OBJC_WEAK = YES;
				CLANG_WARN_BLOCK_CAPTURE_AUTORELEASING = YES;
				CLANG_WARN_BOOL_CONVERSION = YES;
				CLANG_WARN_COMMA = YES;
				CLANG_WARN_CONSTANT_CONVERSION = YES;
				CLANG_WARN_DEPRECATED_OBJC_IMPLEMENTATIONS = YES;
				CLANG_WARN_DIRECT_OBJC_ISA_USAGE = YES_ERROR;
				CLANG_WARN_DOCUMENTATION_COMMENTS = YES;
				CLANG_WARN_EMPTY_BODY = YES;
				CLANG_WARN_ENUM_CONVERSION = YES;
				CLANG_WARN_INFINITE_RECURSION = YES;
				CLANG_WARN_INT_CONVERSION = YES;
				CLANG_WARN_NON_LITERAL_NULL_CONVERSION = YES;
				CLANG_WARN_OBJC_IMPLICIT_RETAIN_SELF = YES;
				CLANG_WARN_OBJC_LITERAL_CONVERSION = YES;
				CLANG_WARN_OBJC_ROOT_CLASS = YES_ERROR;
				CLANG_WARN_QUOTED_INCLUDE_IN_FRAMEWORK_HEADER = YES;
				CLANG_WARN_RANGE_LOOP_ANALYSIS = YES;
				CLANG_WARN_STRICT_PROTOTYPES = YES;
				CLANG_WARN_SUSPICIOUS_MOVE = YES;
				CLANG_WARN_UNGUARDED_AVAILABILITY = YES_AGGRESSIVE;
				CLANG_WARN_UNREACHABLE_CODE = YES;
				CLANG_WARN__DUPLICATE_METHOD_MATCH = YES;
				COPY_PHASE_STRIP = NO;
				DEBUG_INFORMATION_FORMAT = dwarf;
				ENABLE_STRICT_OBJC_MSGSEND = YES;
				ENABLE_TESTABILITY = YES;
				GCC_C_LANGUAGE_STANDARD = gnu11;
				GCC_DYNAMIC_NO_PIC = NO;
				GCC_NO_COMMON_BLOCKS = YES;
				GCC_OPTIMIZATION_LEVEL = 0;
				GCC_PREPROCESSOR_DEFINITIONS = (
					"DEBUG=1",
					"$(inherited)",
				);
				GCC_WARN_64_TO_32_BIT_CONVERSION = YES;
				GCC_WARN_ABOUT_RETURN_TYPE = YES_ERROR;
				GCC_WARN_UNDECLARED_SELECTOR = YES;
				GCC_WARN_UNINITIALIZED_AUTOS = YES_AGGRESSIVE;
				GCC_WARN_UNUSED_FUNCTION = YES;
				GCC_WARN_UNUSED_VARIABLE = YES;
				IPHONEOS_DEPLOYMENT_TARGET = 13.0;
				MTL_ENABLE_DEBUG_INFO = INCLUDE_SOURCE;
				MTL_FAST_MATH = YES;
				ONLY_ACTIVE_ARCH = YES;
				SDKROOT = iphoneos;
				SWIFT_ACTIVE_COMPILATION_CONDITIONS = DEBUG;
				SWIFT_OPTIMIZATION_LEVEL = "-Onone";
			};
			name = Debug;
		};
		8E2AA0DD289A09A8009F2C53 /* Release */ = {
			isa = XCBuildConfiguration;
			buildSettings = {
				ALWAYS_SEARCH_USER_PATHS = NO;
				CLANG_ANALYZER_NONNULL = YES;
				CLANG_ANALYZER_NUMBER_OBJECT_CONVERSION = YES_AGGRESSIVE;
				CLANG_CXX_LANGUAGE_STANDARD = "gnu++17";
				CLANG_CXX_LIBRARY = "libc++";
				CLANG_ENABLE_MODULES = YES;
				CLANG_ENABLE_OBJC_ARC = YES;
				CLANG_ENABLE_OBJC_WEAK = YES;
				CLANG_WARN_BLOCK_CAPTURE_AUTORELEASING = YES;
				CLANG_WARN_BOOL_CONVERSION = YES;
				CLANG_WARN_COMMA = YES;
				CLANG_WARN_CONSTANT_CONVERSION = YES;
				CLANG_WARN_DEPRECATED_OBJC_IMPLEMENTATIONS = YES;
				CLANG_WARN_DIRECT_OBJC_ISA_USAGE = YES_ERROR;
				CLANG_WARN_DOCUMENTATION_COMMENTS = YES;
				CLANG_WARN_EMPTY_BODY = YES;
				CLANG_WARN_ENUM_CONVERSION = YES;
				CLANG_WARN_INFINITE_RECURSION = YES;
				CLANG_WARN_INT_CONVERSION = YES;
				CLANG_WARN_NON_LITERAL_NULL_CONVERSION = YES;
				CLANG_WARN_OBJC_IMPLICIT_RETAIN_SELF = YES;
				CLANG_WARN_OBJC_LITERAL_CONVERSION = YES;
				CLANG_WARN_OBJC_ROOT_CLASS = YES_ERROR;
				CLANG_WARN_QUOTED_INCLUDE_IN_FRAMEWORK_HEADER = YES;
				CLANG_WARN_RANGE_LOOP_ANALYSIS = YES;
				CLANG_WARN_STRICT_PROTOTYPES = YES;
				CLANG_WARN_SUSPICIOUS_MOVE = YES;
				CLANG_WARN_UNGUARDED_AVAILABILITY = YES_AGGRESSIVE;
				CLANG_WARN_UNREACHABLE_CODE = YES;
				CLANG_WARN__DUPLICATE_METHOD_MATCH = YES;
				COPY_PHASE_STRIP = NO;
				DEBUG_INFORMATION_FORMAT = "dwarf-with-dsym";
				ENABLE_NS_ASSERTIONS = NO;
				ENABLE_STRICT_OBJC_MSGSEND = YES;
				GCC_C_LANGUAGE_STANDARD = gnu11;
				GCC_NO_COMMON_BLOCKS = YES;
				GCC_WARN_64_TO_32_BIT_CONVERSION = YES;
				GCC_WARN_ABOUT_RETURN_TYPE = YES_ERROR;
				GCC_WARN_UNDECLARED_SELECTOR = YES;
				GCC_WARN_UNINITIALIZED_AUTOS = YES_AGGRESSIVE;
				GCC_WARN_UNUSED_FUNCTION = YES;
				GCC_WARN_UNUSED_VARIABLE = YES;
				IPHONEOS_DEPLOYMENT_TARGET = 13.0;
				MTL_ENABLE_DEBUG_INFO = NO;
				MTL_FAST_MATH = YES;
				SDKROOT = iphoneos;
				SWIFT_COMPILATION_MODE = wholemodule;
				SWIFT_OPTIMIZATION_LEVEL = "-O";
				VALIDATE_PRODUCT = YES;
			};
			name = Release;
		};
		8E2AA0DF289A09A8009F2C53 /* Debug */ = {
			isa = XCBuildConfiguration;
			buildSettings = {
				ASSETCATALOG_COMPILER_APPICON_NAME = AppIcon;
				ASSETCATALOG_COMPILER_GLOBAL_ACCENT_COLOR_NAME = AccentColor;
				CODE_SIGN_STYLE = Automatic;
				CURRENT_PROJECT_VERSION = 1;
				DEVELOPMENT_TEAM = 3MPMZY465Z;
				GENERATE_INFOPLIST_FILE = YES;
				INFOPLIST_FILE = TodoPad/Info.plist;
				INFOPLIST_KEY_UIApplicationSupportsIndirectInputEvents = YES;
				INFOPLIST_KEY_UILaunchStoryboardName = LaunchScreen;
				INFOPLIST_KEY_UISupportedInterfaceOrientations_iPad = "UIInterfaceOrientationPortrait UIInterfaceOrientationPortraitUpsideDown UIInterfaceOrientationLandscapeLeft UIInterfaceOrientationLandscapeRight";
				INFOPLIST_KEY_UISupportedInterfaceOrientations_iPhone = "UIInterfaceOrientationPortrait UIInterfaceOrientationLandscapeLeft UIInterfaceOrientationLandscapeRight";
				IPHONEOS_DEPLOYMENT_TARGET = 13.0;
				LD_RUNPATH_SEARCH_PATHS = (
					"$(inherited)",
					"@executable_path/Frameworks",
				);
				MARKETING_VERSION = 1.0;
				PRODUCT_BUNDLE_IDENTIFIER = app.todopad.TodoPad;
				PRODUCT_NAME = "$(TARGET_NAME)";
				SWIFT_EMIT_LOC_STRINGS = YES;
				SWIFT_VERSION = 5.0;
				TARGETED_DEVICE_FAMILY = "1,2";
			};
			name = Debug;
		};
		8E2AA0E0289A09A8009F2C53 /* Release */ = {
			isa = XCBuildConfiguration;
			buildSettings = {
				ASSETCATALOG_COMPILER_APPICON_NAME = AppIcon;
				ASSETCATALOG_COMPILER_GLOBAL_ACCENT_COLOR_NAME = AccentColor;
				CODE_SIGN_STYLE = Automatic;
				CURRENT_PROJECT_VERSION = 1;
				DEVELOPMENT_TEAM = 3MPMZY465Z;
				GENERATE_INFOPLIST_FILE = YES;
				INFOPLIST_FILE = TodoPad/Info.plist;
				INFOPLIST_KEY_UIApplicationSupportsIndirectInputEvents = YES;
				INFOPLIST_KEY_UILaunchStoryboardName = LaunchScreen;
				INFOPLIST_KEY_UISupportedInterfaceOrientations_iPad = "UIInterfaceOrientationPortrait UIInterfaceOrientationPortraitUpsideDown UIInterfaceOrientationLandscapeLeft UIInterfaceOrientationLandscapeRight";
				INFOPLIST_KEY_UISupportedInterfaceOrientations_iPhone = "UIInterfaceOrientationPortrait UIInterfaceOrientationLandscapeLeft UIInterfaceOrientationLandscapeRight";
				IPHONEOS_DEPLOYMENT_TARGET = 13.0;
				LD_RUNPATH_SEARCH_PATHS = (
					"$(inherited)",
					"@executable_path/Frameworks",
				);
				MARKETING_VERSION = 1.0;
				PRODUCT_BUNDLE_IDENTIFIER = app.todopad.TodoPad;
				PRODUCT_NAME = "$(TARGET_NAME)";
				SWIFT_EMIT_LOC_STRINGS = YES;
				SWIFT_VERSION = 5.0;
				TARGETED_DEVICE_FAMILY = "1,2";
			};
			name = Release;
		};
		8E2AA0E2289A09A8009F2C53 /* Debug */ = {
			isa = XCBuildConfiguration;
			buildSettings = {
				ALWAYS_EMBED_SWIFT_STANDARD_LIBRARIES = YES;
				BUNDLE_LOADER = "$(TEST_HOST)";
				CODE_SIGN_STYLE = Automatic;
				CURRENT_PROJECT_VERSION = 1;
				DEVELOPMENT_TEAM = 3MPMZY465Z;
				GENERATE_INFOPLIST_FILE = YES;
				IPHONEOS_DEPLOYMENT_TARGET = 13.0;
				MARKETING_VERSION = 1.0;
				PRODUCT_BUNDLE_IDENTIFIER = app.todopad.TodoPadTests;
				PRODUCT_NAME = "$(TARGET_NAME)";
				SWIFT_EMIT_LOC_STRINGS = NO;
				SWIFT_VERSION = 5.0;
				TARGETED_DEVICE_FAMILY = "1,2";
				TEST_HOST = "$(BUILT_PRODUCTS_DIR)/TodoPad.app/TodoPad";
			};
			name = Debug;
		};
		8E2AA0E3289A09A8009F2C53 /* Release */ = {
			isa = XCBuildConfiguration;
			buildSettings = {
				ALWAYS_EMBED_SWIFT_STANDARD_LIBRARIES = YES;
				BUNDLE_LOADER = "$(TEST_HOST)";
				CODE_SIGN_STYLE = Automatic;
				CURRENT_PROJECT_VERSION = 1;
				DEVELOPMENT_TEAM = 3MPMZY465Z;
				GENERATE_INFOPLIST_FILE = YES;
				IPHONEOS_DEPLOYMENT_TARGET = 13.0;
				MARKETING_VERSION = 1.0;
				PRODUCT_BUNDLE_IDENTIFIER = app.todopad.TodoPadTests;
				PRODUCT_NAME = "$(TARGET_NAME)";
				SWIFT_EMIT_LOC_STRINGS = NO;
				SWIFT_VERSION = 5.0;
				TARGETED_DEVICE_FAMILY = "1,2";
				TEST_HOST = "$(BUILT_PRODUCTS_DIR)/TodoPad.app/TodoPad";
			};
			name = Release;
		};
		8E2AA0E5289A09A8009F2C53 /* Debug */ = {
			isa = XCBuildConfiguration;
			buildSettings = {
				ALWAYS_EMBED_SWIFT_STANDARD_LIBRARIES = YES;
				CODE_SIGN_STYLE = Automatic;
				CURRENT_PROJECT_VERSION = 1;
				DEVELOPMENT_TEAM = 3MPMZY465Z;
				GENERATE_INFOPLIST_FILE = YES;
				MARKETING_VERSION = 1.0;
				PRODUCT_BUNDLE_IDENTIFIER = app.todopad.TodoPadUITests;
				PRODUCT_NAME = "$(TARGET_NAME)";
				SWIFT_EMIT_LOC_STRINGS = NO;
				SWIFT_VERSION = 5.0;
				TARGETED_DEVICE_FAMILY = "1,2";
				TEST_TARGET_NAME = TodoPad;
			};
			name = Debug;
		};
		8E2AA0E6289A09A8009F2C53 /* Release */ = {
			isa = XCBuildConfiguration;
			buildSettings = {
				ALWAYS_EMBED_SWIFT_STANDARD_LIBRARIES = YES;
				CODE_SIGN_STYLE = Automatic;
				CURRENT_PROJECT_VERSION = 1;
				DEVELOPMENT_TEAM = 3MPMZY465Z;
				GENERATE_INFOPLIST_FILE = YES;
				MARKETING_VERSION = 1.0;
				PRODUCT_BUNDLE_IDENTIFIER = app.todopad.TodoPadUITests;
				PRODUCT_NAME = "$(TARGET_NAME)";
				SWIFT_EMIT_LOC_STRINGS = NO;
				SWIFT_VERSION = 5.0;
				TARGETED_DEVICE_FAMILY = "1,2";
				TEST_TARGET_NAME = TodoPad;
			};
			name = Release;
		};
/* End XCBuildConfiguration section */

/* Begin XCConfigurationList section */
		8E2AA0AC289A09A6009F2C53 /* Build configuration list for PBXProject "TodoPad" */ = {
			isa = XCConfigurationList;
			buildConfigurations = (
				8E2AA0DC289A09A8009F2C53 /* Debug */,
				8E2AA0DD289A09A8009F2C53 /* Release */,
			);
			defaultConfigurationIsVisible = 0;
			defaultConfigurationName = Release;
		};
		8E2AA0DE289A09A8009F2C53 /* Build configuration list for PBXNativeTarget "TodoPad" */ = {
			isa = XCConfigurationList;
			buildConfigurations = (
				8E2AA0DF289A09A8009F2C53 /* Debug */,
				8E2AA0E0289A09A8009F2C53 /* Release */,
			);
			defaultConfigurationIsVisible = 0;
			defaultConfigurationName = Release;
		};
		8E2AA0E1289A09A8009F2C53 /* Build configuration list for PBXNativeTarget "TodoPadTests" */ = {
			isa = XCConfigurationList;
			buildConfigurations = (
				8E2AA0E2289A09A8009F2C53 /* Debug */,
				8E2AA0E3289A09A8009F2C53 /* Release */,
			);
			defaultConfigurationIsVisible = 0;
			defaultConfigurationName = Release;
		};
		8E2AA0E4289A09A8009F2C53 /* Build configuration list for PBXNativeTarget "TodoPadUITests" */ = {
			isa = XCConfigurationList;
			buildConfigurations = (
				8E2AA0E5289A09A8009F2C53 /* Debug */,
				8E2AA0E6289A09A8009F2C53 /* Release */,
			);
			defaultConfigurationIsVisible = 0;
			defaultConfigurationName = Release;
		};
/* End XCConfigurationList section */

/* Begin XCVersionGroup section */
		8E2AA0BD289A09A6009F2C53 /* TodoPad.xcdatamodeld */ = {
			isa = XCVersionGroup;
			children = (
				8E2AA0BE289A09A6009F2C53 /* TodoPad.xcdatamodel */,
			);
			currentVersion = 8E2AA0BE289A09A6009F2C53 /* TodoPad.xcdatamodel */;
			path = TodoPad.xcdatamodeld;
			sourceTree = "<group>";
			versionGroupType = wrapper.xcdatamodel;
		};
/* End XCVersionGroup section */
	};
	rootObject = 8E2AA0A9289A09A6009F2C53 /* Project object */;
}
